schema: '2.0'
stages:
  data_ingestion:
    cmd: python src/cnnClassifier/pipeline/stage_01_data_ingestion.py
    deps:
    - path: config/config.yaml
      hash: md5
      md5: 19c202950e9842b2f93a16b686e2ddea
      size: 791
    - path: src/cnnClassifier/pipeline/stage_01_data_ingestion.py
      hash: md5
      md5: ea48220fbea6435640275bc36e02e141
      size: 892
    outs:
    - path: artifacts/data_ingestion/Chicken-fecal-images
      hash: md5
      md5: 9e1f8dd2eae3c29e9d635df89d438ae4.dir
      size: 12207807
      nfiles: 390
  prepare_base_model:
    cmd: python src/cnnClassifier/pipeline/stage_02_prepare_base_model.py
    deps:
    - path: config/config.yaml
      hash: md5
      md5: 19c202950e9842b2f93a16b686e2ddea
      size: 791
    - path: src/cnnClassifier/pipeline/stage_02_prepare_base_model.py
      hash: md5
      md5: 9fcd2ba1df86daf67f5d81188507176a
      size: 932
    params:
      params.yaml:
        CLASSES: 2
        IMAGE_SIZE:
        - 224
        - 224
        - 3
        INCLUDE_TOP: false
        LEARNING_RATE: 0.01
        WEIGHTS: imagenet
    outs:
    - path: artifacts/prepare_base_model
      hash: md5
      md5: bfee4bcea9fd711d476aa6dc8614af7a.dir
      size: 118059248
      nfiles: 2
  model_training:
    cmd: python src/cnnClassifier/pipeline/stage_03_model_training.py
    deps:
    - path: artifacts/data_ingestion/Chicken-fecal-images
      hash: md5
      md5: 9e1f8dd2eae3c29e9d635df89d438ae4.dir
      size: 12207807
      nfiles: 390
    - path: artifacts/prepare_base_model
      hash: md5
      md5: bfee4bcea9fd711d476aa6dc8614af7a.dir
      size: 118059248
      nfiles: 2
    - path: config/config.yaml
      hash: md5
      md5: 19c202950e9842b2f93a16b686e2ddea
      size: 791
    - path: src/cnnClassifier/components/prepare_callbacks.py
      hash: md5
      md5: 2ea8a0f735cdd19e2bb6c7176b098cf0
      size: 970
    - path: src/cnnClassifier/pipeline/stage_03_model_training.py
      hash: md5
      md5: 8e2dc9caf6c080d8e6e17e7fa40be667
      size: 1238
    params:
      params.yaml:
        AUGMENTATION: true
        BATCH_SIZE: 16
        EPOCHS: 10
        IMAGE_SIZE:
        - 224
        - 224
        - 3
    outs:
    - path: artifacts/training/model.h5
      hash: md5
      md5: 7496f50896cb6d85bb5886e7c4d52258
      size: 59340720
  model_evaluation:
    cmd: python src/cnnClassifier/pipeline/stage_04_model_evaluation.py
    deps:
    - path: artifacts/data_ingestion/Chicken-fecal-images
      hash: md5
      md5: 9e1f8dd2eae3c29e9d635df89d438ae4.dir
      size: 12207807
      nfiles: 390
    - path: artifacts/training/model.h5
      hash: md5
      md5: 7496f50896cb6d85bb5886e7c4d52258
      size: 59340720
    - path: config/config.yaml
      hash: md5
      md5: 19c202950e9842b2f93a16b686e2ddea
      size: 791
    - path: src/cnnClassifier/pipeline/stage_04_model_evaluation.py
      hash: md5
      md5: c531102bbdbbbc022350d5ccbf11cc99
      size: 858
    params:
      params.yaml:
        BATCH_SIZE: 16
        IMAGE_SIZE:
        - 224
        - 224
        - 3
    outs:
    - path: scores.json
      hash: md5
      md5: b1a382178b9cf86c90284c18479dc66a
      size: 73
